{
  "version": "2",
  "remote": {
    "https://deno.land/std@0.201.0/assert/_constants.ts": "8a9da298c26750b28b326b297316cdde860bc237533b07e1337c021379e6b2a9",
    "https://deno.land/std@0.201.0/assert/_diff.ts": "1a3c044aedf77647d6cac86b798c6417603361b66b54c53331b312caeb447aea",
    "https://deno.land/std@0.201.0/assert/_format.ts": "a69126e8a469009adf4cf2a50af889aca364c349797e63174884a52ff75cf4c7",
    "https://deno.land/std@0.201.0/assert/assert.ts": "9a97dad6d98c238938e7540736b826440ad8c1c1e54430ca4c4e623e585607ee",
    "https://deno.land/std@0.201.0/assert/assert_almost_equals.ts": "e15ca1f34d0d5e0afae63b3f5d975cbd18335a132e42b0c747d282f62ad2cd6c",
    "https://deno.land/std@0.201.0/assert/assert_array_includes.ts": "6856d7f2c3544bc6e62fb4646dfefa3d1df5ff14744d1bca19f0cbaf3b0d66c9",
    "https://deno.land/std@0.201.0/assert/assert_equals.ts": "d8ec8a22447fbaf2fc9d7c3ed2e66790fdb74beae3e482855d75782218d68227",
    "https://deno.land/std@0.201.0/assert/assert_exists.ts": "407cb6b9fb23a835cd8d5ad804e2e2edbbbf3870e322d53f79e1c7a512e2efd7",
    "https://deno.land/std@0.201.0/assert/assert_false.ts": "a9962749f4bf5844e3fa494257f1de73d69e4fe0e82c34d0099287552163a2dc",
    "https://deno.land/std@0.201.0/assert/assert_greater.ts": "ae2158a2d19313bf675bf7251d31c6dc52973edb12ac64ac8fc7064152af3e63",
    "https://deno.land/std@0.201.0/assert/assert_greater_or_equal.ts": "1439da5ebbe20855446cac50097ac78b9742abe8e9a43e7de1ce1426d556e89c",
    "https://deno.land/std@0.201.0/assert/assert_instance_of.ts": "3aedb3d8186e120812d2b3a5dea66a6e42bf8c57a8bd927645770bd21eea554c",
    "https://deno.land/std@0.201.0/assert/assert_is_error.ts": "c21113094a51a296ffaf036767d616a78a2ae5f9f7bbd464cd0197476498b94b",
    "https://deno.land/std@0.201.0/assert/assert_less.ts": "aec695db57db42ec3e2b62e97e1e93db0063f5a6ec133326cc290ff4b71b47e4",
    "https://deno.land/std@0.201.0/assert/assert_less_or_equal.ts": "5fa8b6a3ffa20fd0a05032fe7257bf985d207b85685fdbcd23651b70f928c848",
    "https://deno.land/std@0.201.0/assert/assert_match.ts": "c4083f80600bc190309903c95e397a7c9257ff8b5ae5c7ef91e834704e672e9b",
    "https://deno.land/std@0.201.0/assert/assert_not_equals.ts": "9f1acab95bd1f5fc9a1b17b8027d894509a745d91bac1718fdab51dc76831754",
    "https://deno.land/std@0.201.0/assert/assert_not_instance_of.ts": "0c14d3dfd9ab7a5276ed8ed0b18c703d79a3d106102077ec437bfe7ed912bd22",
    "https://deno.land/std@0.201.0/assert/assert_not_match.ts": "3796a5b0c57a1ce6c1c57883dd4286be13a26f715ea662318ab43a8491a13ab0",
    "https://deno.land/std@0.201.0/assert/assert_not_strict_equals.ts": "ca6c6d645e95fbc873d25320efeb8c4c6089a9a5e09f92d7c1c4b6e935c2a6ad",
    "https://deno.land/std@0.201.0/assert/assert_object_match.ts": "d8fc2867cfd92eeacf9cea621e10336b666de1874a6767b5ec48988838370b54",
    "https://deno.land/std@0.201.0/assert/assert_rejects.ts": "45c59724de2701e3b1f67c391d6c71c392363635aad3f68a1b3408f9efca0057",
    "https://deno.land/std@0.201.0/assert/assert_strict_equals.ts": "b1f538a7ea5f8348aeca261d4f9ca603127c665e0f2bbfeb91fa272787c87265",
    "https://deno.land/std@0.201.0/assert/assert_string_includes.ts": "b821d39ebf5cb0200a348863c86d8c4c4b398e02012ce74ad15666fc4b631b0c",
    "https://deno.land/std@0.201.0/assert/assert_throws.ts": "63784e951475cb7bdfd59878cd25a0931e18f6dc32a6077c454b2cd94f4f4bcd",
    "https://deno.land/std@0.201.0/assert/assertion_error.ts": "4d0bde9b374dfbcbe8ac23f54f567b77024fb67dbb1906a852d67fe050d42f56",
    "https://deno.land/std@0.201.0/assert/equal.ts": "9f1a46d5993966d2596c44e5858eec821859b45f783a5ee2f7a695dfc12d8ece",
    "https://deno.land/std@0.201.0/assert/fail.ts": "c36353d7ae6e1f7933d45f8ea51e358c8c4b67d7e7502028598fe1fea062e278",
    "https://deno.land/std@0.201.0/assert/mod.ts": "37c49a26aae2b254bbe25723434dc28cd7532e444cf0b481a97c045d110ec085",
    "https://deno.land/std@0.201.0/assert/unimplemented.ts": "d56fbeecb1f108331a380f72e3e010a1f161baa6956fd0f7cf3e095ae1a4c75a",
    "https://deno.land/std@0.201.0/assert/unreachable.ts": "4600dc0baf7d9c15a7f7d234f00c23bca8f3eba8b140286aaca7aa998cf9a536",
    "https://deno.land/std@0.201.0/fmt/colors.ts": "87544aa2bc91087bb37f9c077970c85bfb041b48e4c37356129d7b450a415b6f",
    "https://deno.land/std@0.94.0/node/tty.ts": "9fa7f7b461759774b4eeab00334ac5d25b69bf0de003c02814be01e65150da79",
    "https://deno.land/x/chalk_deno@v4.1.1-deno/source/ansi-styles/index.js": "7cc96ab93d1c9cfc0746e9dffb40be872e42ee242906f48e68df0d2c9669f737",
    "https://deno.land/x/chalk_deno@v4.1.1-deno/source/has-flag/index.js": "aed21e4eba656057e7b8c6024305f5354d2ebee2adc857a1d8cd5207923de7e5",
    "https://deno.land/x/chalk_deno@v4.1.1-deno/source/index.js": "6339123f32f7eb4b17c5c9c926ecdf3dbc353fd4fda7811ad2d3c1d4b98a7420",
    "https://deno.land/x/chalk_deno@v4.1.1-deno/source/supports-color/index.js": "4d7f2d216b6ac9013d9ec7e004de21f5a7d00bf2be4075bab2d82638d0d41a86",
    "https://deno.land/x/chalk_deno@v4.1.1-deno/source/templates.js": "f2e12be18cb84710e341e5499528280278052909fa74a12cefc9e2cc26a597ac",
    "https://deno.land/x/chalk_deno@v4.1.1-deno/source/util.js": "cd08297ec411dcee91826ad01a00d3427235d4548ba605a59e64f0da83af8306",
    "https://deno.land/x/deno_uri_template@v0.1.2/mod.ts": "c065e999b066cf1fb1e6a766011a467e883b878ce8f0ba0bf2b91753ac0adc30",
    "https://deno.land/x/deno_uri_template@v0.1.2/pct.ts": "44998df6526dc318e076bdfb82760c31a6afc9fcca409e467e492c9c77f1fa02",
    "https://deno.land/x/denohub@0.1.1/http/client.ts": "5d5822ecc74c668bba8375b5e05c04e1ac2c52a22a6df851e2050dc57747753b",
    "https://deno.land/x/denohub@0.1.1/http/errors.ts": "0bd0a47337e23b35fcfdc7902b0d3dc08acbe0b246d2b56364f1f0a54b3a6706",
    "https://deno.land/x/denohub@0.1.1/http/index.ts": "f2a2218dc3029a13ea93c6a0b54a065041df328c9b5b2c0d0e71b8a8edae3a19",
    "https://deno.land/x/denohub@0.1.1/http/options.ts": "e42ebcd48482f192e1c5e859b630565668bebe6b63745080bda929b9ca1d9960",
    "https://deno.land/x/denohub@0.1.1/http/parameters.ts": "1e4b8bb5cbb3fb2a0ae98b8f91e2f1aab3ddb6e3c8045a68f36f003a0005e796",
    "https://deno.land/x/denohub@0.1.1/http/route.ts": "6cc4821b7a0d9022fcededb641ecd6664147339789b6b2e1604cc1d68b7d2b6c",
    "https://deno.land/x/denohub@0.1.1/http/structure.ts": "8d72df04b970c31ce1ed9962aff2c12c233dd513747b022ae2ff6162d7ce398a",
    "https://deno.land/x/denohub@0.1.1/http/uri_templates.ts": "28e1b1ab542d9f8290f1fa4abbc2c795203d1dd7a35fc6466aab040bc9932062",
    "https://deno.land/x/denohub@0.1.1/index.ts": "9e19a94a52d68f7ebcb91672bdd5e626edd924a8bedc22e3f813acf78d7e9c84",
    "https://deno.land/x/denohub@0.1.1/models/user.ts": "28a2d02f1e87067fb59dec202660c8f1fdc2042d9345053fdeba8d495cb1e201",
    "https://deno.land/x/google_deno_integration@v1.1/deps.ts": "7a60eb9848416e142dc30526982cb831d686f2c51cc151b1cb6a669c4722a6f6",
    "https://deno.land/x/google_deno_integration@v1.1/google_api.ts": "d9c4991e4247c1df630d05e92508118a0fba526759c3280598561eae9652921c",
    "https://deno.land/x/google_deno_integration@v1.1/google_auth.ts": "9a5181dbf30a2726ff438a948b7e7f83e467b6b70313fe9e4f159b1598ab7e66",
    "https://deno.land/x/google_deno_integration@v1.1/mod.ts": "22bcaf83c82d14317688a6584deda9dad3e74f44305622bbacfb65222b2c2279",
    "https://deno.land/x/jose@v4.15.3/index.ts": "40a306cfe2f2cd030afb2003e4de501384a929ab597bfd63d6f420c62595c97d",
    "https://deno.land/x/jose@v4.15.3/jwe/compact/decrypt.ts": "3649ed7b978e77add955a9cbf0cf5c72e24f93ba7c4529d6566c0dd8b99373c4",
    "https://deno.land/x/jose@v4.15.3/jwe/compact/encrypt.ts": "d147705bc7e2675cfb546f78676ec91f432c93ff28022f7125a71d72454bec90",
    "https://deno.land/x/jose@v4.15.3/jwe/flattened/decrypt.ts": "15985387a637d542bfc985c0c52d0fe0906118ba74402a6dbdd7c0c4e311ecc4",
    "https://deno.land/x/jose@v4.15.3/jwe/flattened/encrypt.ts": "3081453bdc4d94e04e7ba34ccc3d8fd9253a8953bfd5343082b2fa8d639f4928",
    "https://deno.land/x/jose@v4.15.3/jwe/general/decrypt.ts": "81df68fadf11486845ac24100fbdeab7331b5c4a5efc1469c8c6ce30139b44e5",
    "https://deno.land/x/jose@v4.15.3/jwe/general/encrypt.ts": "ad260501c583f013a393cce144060b278254c25fb5f48d37f31ccc5fdaf58e1c",
    "https://deno.land/x/jose@v4.15.3/jwk/embedded.ts": "26d27b429d4cb7d38790889bcf24c5c19fa18aa2c813d808d65e2d1f602461bb",
    "https://deno.land/x/jose@v4.15.3/jwk/thumbprint.ts": "dddb12cfccb323b1d49e56ac8250bcaa3740d632376dc58ebb16491e3e574e3d",
    "https://deno.land/x/jose@v4.15.3/jwks/local.ts": "af7b608e0bf6bd5a246817b9e0261d3f1cd5954cf7e35276c1b7deb00778a94b",
    "https://deno.land/x/jose@v4.15.3/jwks/remote.ts": "09a414cb2e96bc18919281944432df5e7a157c8af5455cd24d0d6fe3ac0f9b71",
    "https://deno.land/x/jose@v4.15.3/jws/compact/sign.ts": "1e88d19dc26d3ea5f2ce3da989813daf5c555d8dec6528051530f7b5a3e87bae",
    "https://deno.land/x/jose@v4.15.3/jws/compact/verify.ts": "eaf38d96a99120dc0646b4f242f46dc68282d8a6dacc804a356f60251e5f164d",
    "https://deno.land/x/jose@v4.15.3/jws/flattened/sign.ts": "be5db0e622a6c5b1e905338d33851e89e956350c9d774de50c70f30a6a156356",
    "https://deno.land/x/jose@v4.15.3/jws/flattened/verify.ts": "ca2c88cbe1473bac56769c812d80c2dcd7223fab7537d6ec9c6d89a0e857d685",
    "https://deno.land/x/jose@v4.15.3/jws/general/sign.ts": "b40b40ce59f12dc58d30a553cb865821d8c2487513c144f608163e847d5a5375",
    "https://deno.land/x/jose@v4.15.3/jws/general/verify.ts": "358f828fe681147b2fdb37fd95fd158ab53d56094e6fc688d8e8cb1a18b4fcb6",
    "https://deno.land/x/jose@v4.15.3/jwt/decrypt.ts": "4df7341c74773f7ed98a8b906e72137701759bea3d1c0a0b9695b3424ead03b8",
    "https://deno.land/x/jose@v4.15.3/jwt/encrypt.ts": "b9a6de7c7ac4797d2f97f47481538752e0623e40c99cc98056cc2ae957129875",
    "https://deno.land/x/jose@v4.15.3/jwt/produce.ts": "dfe55ae98056a40be6fda924144c0656bb19c8bbf3fe35d842efe2d1545df3e4",
    "https://deno.land/x/jose@v4.15.3/jwt/sign.ts": "54d0a761056edeec428a956abd8db034a20536d87fc7b7a2d4fbf953e931aa37",
    "https://deno.land/x/jose@v4.15.3/jwt/unsecured.ts": "c829502b1bc3f6153ed550f081b9e79b6ed25e2196708b154a11e85d8036cc18",
    "https://deno.land/x/jose@v4.15.3/jwt/verify.ts": "73afafd96c7e7f008d062f4be86157f32b577d94dd40a91c6842d694c9986553",
    "https://deno.land/x/jose@v4.15.3/key/export.ts": "5addf06a10ce16bb24e630a8f0e5473eff2cbc1ac549ba29fd8ecf0610778edc",
    "https://deno.land/x/jose@v4.15.3/key/generate_key_pair.ts": "74fa98acae05f132c4e986e7a026223c4ba9729eee5a1fb94e1b8b621c3c3fc6",
    "https://deno.land/x/jose@v4.15.3/key/generate_secret.ts": "5883fb32f24d62639bc7b0c2e6cd2de2a86df74ed6c8e00126ffeb788ab66d1a",
    "https://deno.land/x/jose@v4.15.3/key/import.ts": "cdf200d1eea914677117835c36f5332924fb2e5cb6fd07594b6455b3ab0f7749",
    "https://deno.land/x/jose@v4.15.3/lib/aesgcmkw.ts": "9415c556597be41a4a2f7203fd32fb00d1f06b6b2cfef70d481acec39c7807d6",
    "https://deno.land/x/jose@v4.15.3/lib/buffer_utils.ts": "dad65c92c9baef14cd5366a4131252afa7a5b4f3a068d0244e2df8660ea2bd8e",
    "https://deno.land/x/jose@v4.15.3/lib/cek.ts": "a474becfe1c2d86fbcf3a24cdcd96274beb8d61bd17926e5f345001f39df922b",
    "https://deno.land/x/jose@v4.15.3/lib/check_iv_length.ts": "118eb531167126c8421d71a21f2cfdc10a658c933e178b33395ef3e962c54f80",
    "https://deno.land/x/jose@v4.15.3/lib/check_key_type.ts": "81f5a2c3764464d2b917a1c55c6011d312184e8c68e43bee51565c2db1b166c4",
    "https://deno.land/x/jose@v4.15.3/lib/check_p2s.ts": "2f5549e121c43019ac85a3bb3fe8cb98a397122dcaa80f3cd8bf5fcf314e1f67",
    "https://deno.land/x/jose@v4.15.3/lib/crypto_key.ts": "3da8e265080fb72be9f66a33c6aa76c7176b6162b4ae2534828822cf9c5b04e8",
    "https://deno.land/x/jose@v4.15.3/lib/decrypt_key_management.ts": "9551fc03b4952c7771e76aec46b568f28c34950811d86eb13893eb565946ddf6",
    "https://deno.land/x/jose@v4.15.3/lib/encrypt_key_management.ts": "ec08f264e7dde341171d6272e9db639ae3718cc7047b3117735ab960d9bd01d4",
    "https://deno.land/x/jose@v4.15.3/lib/epoch.ts": "cd608f73f6c100e8156c6020ec2bce6757e01759793f0d6aab23908d3d2ea933",
    "https://deno.land/x/jose@v4.15.3/lib/format_pem.ts": "b5230682e7a89609238015b77f33afd248f3e0f69bcb5895eece2f86d83100f6",
    "https://deno.land/x/jose@v4.15.3/lib/invalid_key_input.ts": "9ca81c899000c18cf1b70ab8221f39b306cc153663e748190307e284fd47ab6a",
    "https://deno.land/x/jose@v4.15.3/lib/is_disjoint.ts": "b5ea1cb260899f5cfb04f032029956e637067714a275d13be429fc53287a4b17",
    "https://deno.land/x/jose@v4.15.3/lib/is_object.ts": "43549ddc51a3b3d4c22b953b191a961fbb61fb5081e8efb88ad075afa1f4d214",
    "https://deno.land/x/jose@v4.15.3/lib/iv.ts": "4766d9ad87b478bb7344094f38c8561181b72f8678edd1b5226d1e0f9ab677fc",
    "https://deno.land/x/jose@v4.15.3/lib/jwt_claims_set.ts": "af0a315486eaef0b9c5f019d4bc74cd5cfdc7ea242a9ce696dcf8630c02a80e8",
    "https://deno.land/x/jose@v4.15.3/lib/secs.ts": "03a2f02fda0f76bf431734552a947c2916c699b904ae0d2f90a415931c30e66d",
    "https://deno.land/x/jose@v4.15.3/lib/validate_algorithms.ts": "6b20f4b5f6935cd9edcd6eb2128226144ba792eaa7c47966c666a51baf1682eb",
    "https://deno.land/x/jose@v4.15.3/lib/validate_crit.ts": "6d2b43959ddf432060505ef13af32cb1bf0daff815ef1eae4d7971629566a695",
    "https://deno.land/x/jose@v4.15.3/runtime/aeskw.ts": "a9bd412c6d07b2606520972671a545cdb205f79f0a2e9ec0fb145fb2147319e1",
    "https://deno.land/x/jose@v4.15.3/runtime/asn1.ts": "695f4792d2fc092be76713a165fbb7a738554435b4fb6d5f06ac591e62b1d411",
    "https://deno.land/x/jose@v4.15.3/runtime/base64url.ts": "74ecb18b90de56bcc4424b6c911cfe49b56dd4a316978f5c8ee9a23560069636",
    "https://deno.land/x/jose@v4.15.3/runtime/bogus.ts": "4f1c967b0d9b4e7105e16ad8c173da55708f377ee5e201d8ee5fc613f3417f08",
    "https://deno.land/x/jose@v4.15.3/runtime/check_cek_length.ts": "2ee093fcb273602449ed7863ab6bd4dd2a7aeff99507e0573e3cd4b8d8099e5d",
    "https://deno.land/x/jose@v4.15.3/runtime/check_key_length.ts": "5656870cc4460602775134280bf46f17e27100b237bdb5c687aceabeffc8f2a2",
    "https://deno.land/x/jose@v4.15.3/runtime/decrypt.ts": "fc24eadefce13095a4012972a1552f148d9d12d8ed7d1f17ed7c87e00810335f",
    "https://deno.land/x/jose@v4.15.3/runtime/digest.ts": "cee73fad56ce596ffedc56811d174ab413e7981eb847eb67c0e77f213cc2ac2d",
    "https://deno.land/x/jose@v4.15.3/runtime/ecdhes.ts": "74a6f43dde87736179d814312b010087bea0c834f51adc9a93f79664f78cb75f",
    "https://deno.land/x/jose@v4.15.3/runtime/encrypt.ts": "50d400ab152e2d66bffccf7473545097dd69894bc05508530260c8bc0d811638",
    "https://deno.land/x/jose@v4.15.3/runtime/fetch_jwks.ts": "34b71aa6bbd51984d1009792499ea17133dcb11bf2f2d8fba60e8090d900fc20",
    "https://deno.land/x/jose@v4.15.3/runtime/generate.ts": "bc25cf20301cfd6feabb56847e3d5fbe2fc8c11c82e6ad942d27c21fa1f863f0",
    "https://deno.land/x/jose@v4.15.3/runtime/get_sign_verify_key.ts": "f08a086524491a54fb2a0e203819d4ca2b193444aecf6dfbaf6d400431cb439c",
    "https://deno.land/x/jose@v4.15.3/runtime/is_key_like.ts": "d9660a40820d254843721a53b51eb94a4db39a1ee36103ea8c28e2cc2207599b",
    "https://deno.land/x/jose@v4.15.3/runtime/jwk_to_key.ts": "3779cb38ea2857b37f378a45d6b27651eb672f398ddae16cd1fb2aacaa451df5",
    "https://deno.land/x/jose@v4.15.3/runtime/key_to_jwk.ts": "2af6f52abbe59316fa96771da48538c8f718b6fdd8703d185f8a87ef44c0f064",
    "https://deno.land/x/jose@v4.15.3/runtime/pbes2kw.ts": "1c424aade1ef8c69f0b9db635ff04d873f7c1b2615c7fbef49ee053704912e9d",
    "https://deno.land/x/jose@v4.15.3/runtime/random.ts": "3e9c8d08208e5dc186ae659535f0018303ff3b56615335bf0dfb5904fe36aab7",
    "https://deno.land/x/jose@v4.15.3/runtime/rsaes.ts": "124b6e87d8569b39d6f550b371303c79e9eb28aa0d9b14025eeaffe50282c987",
    "https://deno.land/x/jose@v4.15.3/runtime/runtime.ts": "d748ecb0c1b57020d6f6c41b4458cce74b4d15ab919c38a0ec32d12cee7f5976",
    "https://deno.land/x/jose@v4.15.3/runtime/sign.ts": "1524f8855538ca5fd607cd681f804ba421b0ec58f562118f3c635324ba053f90",
    "https://deno.land/x/jose@v4.15.3/runtime/subtle_dsa.ts": "bab28945afd1aac19d3142a70f0c44c4b283b581d33cf8e1234889b58338e80d",
    "https://deno.land/x/jose@v4.15.3/runtime/subtle_rsaes.ts": "26147da83932ebf7266d69ddd408f269395de05ddde64ba4e1585571bb61bd93",
    "https://deno.land/x/jose@v4.15.3/runtime/timing_safe_equal.ts": "fc5b3f4132cec56630eac4677fef2b519707a9c6a257f8ae86515b0d86ff5f6b",
    "https://deno.land/x/jose@v4.15.3/runtime/verify.ts": "d391e2286b47485247b475016c66999f5146a1cf8331115385a9ba629251c15e",
    "https://deno.land/x/jose@v4.15.3/runtime/webcrypto.ts": "3365b7d62eaa7e6befe5e2f4f67aa7859805c41b87064433b6e70f94501aa36e",
    "https://deno.land/x/jose@v4.15.3/runtime/zlib.ts": "74a4c85d1a6e523282ae927412d58e6789a8d7264b4e966a7df800a97f28a1e1",
    "https://deno.land/x/jose@v4.15.3/util/base64url.ts": "d2567042684de8bf1e4f1ad67be40ab343ee192ddf1cf12ff1d940d6c1fa2bcb",
    "https://deno.land/x/jose@v4.15.3/util/decode_jwt.ts": "7578cd174b640188e8fd4ad7f0c92e83ebd6ea50097b5833364d095ec7aff2b1",
    "https://deno.land/x/jose@v4.15.3/util/decode_protected_header.ts": "546eac15dd97d267373cb3d8d9a94ad03481f1328c4457560ffde9a5a595ebe8",
    "https://deno.land/x/jose@v4.15.3/util/errors.ts": "107a41f79bd8a226c836080f617809cd148e00112fdadc0e15c3a6079da02f5d",
    "https://deno.land/x/jose@v4.15.3/util/runtime.ts": "088cae7df0d285065f141d880c5c21a572234997082337d1125d7f1603059642",
    "https://deno.land/x/jose@v4.6.0/index.ts": "ca44793ef8fa35027d2179c046eabc1f5e8d1baed8c16026d02d416a715667f7",
    "https://deno.land/x/jose@v4.6.0/jwe/compact/decrypt.ts": "0da9a290e0e738772016ea0e5cde9784090eb26a767b876265c2228ec7e4619a",
    "https://deno.land/x/jose@v4.6.0/jwe/compact/encrypt.ts": "e0354463b4c37dfd42f23f5dde0bc7e67e8d84ec801ce0fb559ca1502b4556c7",
    "https://deno.land/x/jose@v4.6.0/jwe/flattened/decrypt.ts": "7043db6710f7ab5eea0954550f6813587fea3e6d8ad3143e6c86d20c61763a6a",
    "https://deno.land/x/jose@v4.6.0/jwe/flattened/encrypt.ts": "2b81ba614cffe3e2366fa5976f26c62b652dab8dfbdfe4eaab59384a8c20da97",
    "https://deno.land/x/jose@v4.6.0/jwe/general/decrypt.ts": "4e213af3c0709719e10b9c97a7f618d4301e92b062e6b2e63cc7039e3ae5fe59",
    "https://deno.land/x/jose@v4.6.0/jwe/general/encrypt.ts": "cb3ab83b111af807e09967289a6300d152dd064073e9845049447441655c8fd5",
    "https://deno.land/x/jose@v4.6.0/jwk/embedded.ts": "a01423282dc918e2fc9ccf05cd71ef1ff24aa4ad15d10a5ec39ae4e1e4e5fd8e",
    "https://deno.land/x/jose@v4.6.0/jwk/thumbprint.ts": "075190d6e4c62d19e2ac809c892937e5e39253becd17a7d0de7988f9385b45be",
    "https://deno.land/x/jose@v4.6.0/jwks/local.ts": "3ea354a0eee39a2e6d9a622ef12a999f7e968ea2b3696062095363d3d18fe92e",
    "https://deno.land/x/jose@v4.6.0/jwks/remote.ts": "f4d43a8b350327abadb5f0af6ab88a3e7b59e056b305f4c3894a9b662a44af18",
    "https://deno.land/x/jose@v4.6.0/jws/compact/sign.ts": "2230dbb7e92dd507a2c2b0902d55a8f968a7adf008d27a8234ace10bc2900bdd",
    "https://deno.land/x/jose@v4.6.0/jws/compact/verify.ts": "c11b7b082b188e9ece52d22c850031cc3e4aff4a1f129e715ee0d222dd2c435f",
    "https://deno.land/x/jose@v4.6.0/jws/flattened/sign.ts": "2a16a77c309b89d552a35e6ea2f99bc3634171b07a66e8e5f7092e324a901998",
    "https://deno.land/x/jose@v4.6.0/jws/flattened/verify.ts": "be16b075d71c47295e702ddf4273a6a2847e003acdb7e7ac3d69c11da048953a",
    "https://deno.land/x/jose@v4.6.0/jws/general/sign.ts": "962cda55a297911ecca284e43f95768156b7d1ee9902cb095ad1a7cc1839a7bd",
    "https://deno.land/x/jose@v4.6.0/jws/general/verify.ts": "ce4b5d506b4d08d21f73752f322e0dd63571989c3e310228751540d8c341edc0",
    "https://deno.land/x/jose@v4.6.0/jwt/decrypt.ts": "a3ec706ee5ba19e6a0f9220aa5b62bd86a8ab5a87bcbd2112a639ed1259d3659",
    "https://deno.land/x/jose@v4.6.0/jwt/encrypt.ts": "ec281430fc6773b5775c72ebcc6a368c2679f0732fe097004adfb16ee39586ac",
    "https://deno.land/x/jose@v4.6.0/jwt/produce.ts": "8affc83f934ea721037d58f238cc23e30c0381838ae1b8dc668b499f8b5e1084",
    "https://deno.land/x/jose@v4.6.0/jwt/sign.ts": "c27dc85eb671a4acd91e3090f981f335bbc4387bd8b917df8750cd77d6862a61",
    "https://deno.land/x/jose@v4.6.0/jwt/unsecured.ts": "df310e874020119937767596cc7698da227dc18a7ef72e5fe4f49133ed183974",
    "https://deno.land/x/jose@v4.6.0/jwt/verify.ts": "c66a7ef0a136847bb39b25bfcc3ee42cfe9b8722faf6d8503556a3f6f38e4fbe",
    "https://deno.land/x/jose@v4.6.0/key/export.ts": "b0806846a4ebd02c23a569f604cc07fb218e81fe51ed4ae3350e524798887668",
    "https://deno.land/x/jose@v4.6.0/key/generate_key_pair.ts": "ee81d38d51eda55f40fdf86ff37c66f577ff38776d75b34fe8d47d4e1d60d32a",
    "https://deno.land/x/jose@v4.6.0/key/generate_secret.ts": "6864e16d654c44db68dce2b092c3162f8ae33ebd0720fedb92426a452141f759",
    "https://deno.land/x/jose@v4.6.0/key/import.ts": "9c3249047571cea9753be4aeaf7d27fd5ada258c22997c671847eaa86be23fac",
    "https://deno.land/x/jose@v4.6.0/lib/aesgcmkw.ts": "9415c556597be41a4a2f7203fd32fb00d1f06b6b2cfef70d481acec39c7807d6",
    "https://deno.land/x/jose@v4.6.0/lib/buffer_utils.ts": "58373928385bebc991b82a525e8a4f317ef0225e28e71edec81e9db0a6f6a56d",
    "https://deno.land/x/jose@v4.6.0/lib/cek.ts": "a474becfe1c2d86fbcf3a24cdcd96274beb8d61bd17926e5f345001f39df922b",
    "https://deno.land/x/jose@v4.6.0/lib/check_iv_length.ts": "118eb531167126c8421d71a21f2cfdc10a658c933e178b33395ef3e962c54f80",
    "https://deno.land/x/jose@v4.6.0/lib/check_key_type.ts": "90a5d17a1f8b3fb170847180454f434121605175c3485c8ef67ff73cfb8e7691",
    "https://deno.land/x/jose@v4.6.0/lib/check_p2s.ts": "2f5549e121c43019ac85a3bb3fe8cb98a397122dcaa80f3cd8bf5fcf314e1f67",
    "https://deno.land/x/jose@v4.6.0/lib/crypto_key.ts": "e3857a8ae8e68b2896cb5125b2e04385fec1c3961638e25905a649a66361741c",
    "https://deno.land/x/jose@v4.6.0/lib/decrypt_key_management.ts": "d53f5cab6644b09a950505a11a0e19a342329ee285b7eb41936c7428ddc3eb0a",
    "https://deno.land/x/jose@v4.6.0/lib/encrypt_key_management.ts": "ec08f264e7dde341171d6272e9db639ae3718cc7047b3117735ab960d9bd01d4",
    "https://deno.land/x/jose@v4.6.0/lib/epoch.ts": "cd608f73f6c100e8156c6020ec2bce6757e01759793f0d6aab23908d3d2ea933",
    "https://deno.land/x/jose@v4.6.0/lib/format_pem.ts": "b5230682e7a89609238015b77f33afd248f3e0f69bcb5895eece2f86d83100f6",
    "https://deno.land/x/jose@v4.6.0/lib/invalid_key_input.ts": "8524ead62c3ecd990824306d47f1b0ce9a98a85ef55ffaee201d185b7c89edf4",
    "https://deno.land/x/jose@v4.6.0/lib/is_disjoint.ts": "b5ea1cb260899f5cfb04f032029956e637067714a275d13be429fc53287a4b17",
    "https://deno.land/x/jose@v4.6.0/lib/is_object.ts": "43549ddc51a3b3d4c22b953b191a961fbb61fb5081e8efb88ad075afa1f4d214",
    "https://deno.land/x/jose@v4.6.0/lib/iv.ts": "4766d9ad87b478bb7344094f38c8561181b72f8678edd1b5226d1e0f9ab677fc",
    "https://deno.land/x/jose@v4.6.0/lib/jwt_claims_set.ts": "a01ee9a7dbfa7fe52edc89380b9c6616ccbafbe0881bfac545e188d76127413a",
    "https://deno.land/x/jose@v4.6.0/lib/secs.ts": "03a2f02fda0f76bf431734552a947c2916c699b904ae0d2f90a415931c30e66d",
    "https://deno.land/x/jose@v4.6.0/lib/validate_algorithms.ts": "6b20f4b5f6935cd9edcd6eb2128226144ba792eaa7c47966c666a51baf1682eb",
    "https://deno.land/x/jose@v4.6.0/lib/validate_crit.ts": "6d2b43959ddf432060505ef13af32cb1bf0daff815ef1eae4d7971629566a695",
    "https://deno.land/x/jose@v4.6.0/runtime/aeskw.ts": "a9bd412c6d07b2606520972671a545cdb205f79f0a2e9ec0fb145fb2147319e1",
    "https://deno.land/x/jose@v4.6.0/runtime/asn1.ts": "cc7524f4cad655585e184d7c0d961339be5c1f6112fbc185404f6f02cabe533d",
    "https://deno.land/x/jose@v4.6.0/runtime/base64url.ts": "3772c03d23a47d5da2b93e11018d1f187894be8902be62f6105f143728185f44",
    "https://deno.land/x/jose@v4.6.0/runtime/bogus.ts": "4f1c967b0d9b4e7105e16ad8c173da55708f377ee5e201d8ee5fc613f3417f08",
    "https://deno.land/x/jose@v4.6.0/runtime/check_cek_length.ts": "e261c01cb8968c8d30e343729f08f7d25ae637f13eb71f3c17da966d038749e8",
    "https://deno.land/x/jose@v4.6.0/runtime/check_key_length.ts": "5656870cc4460602775134280bf46f17e27100b237bdb5c687aceabeffc8f2a2",
    "https://deno.land/x/jose@v4.6.0/runtime/decrypt.ts": "fc24eadefce13095a4012972a1552f148d9d12d8ed7d1f17ed7c87e00810335f",
    "https://deno.land/x/jose@v4.6.0/runtime/digest.ts": "cee73fad56ce596ffedc56811d174ab413e7981eb847eb67c0e77f213cc2ac2d",
    "https://deno.land/x/jose@v4.6.0/runtime/ecdhes.ts": "a248f51dccf4335111ca7a72d31dadf8b330ba1d2faa317c7287940cc41f6e17",
    "https://deno.land/x/jose@v4.6.0/runtime/encrypt.ts": "50d400ab152e2d66bffccf7473545097dd69894bc05508530260c8bc0d811638",
    "https://deno.land/x/jose@v4.6.0/runtime/env.ts": "3fc0557269c138427f4c00a1f21bec1474f1bc60e5c5ecc61a217c597c5cc6a9",
    "https://deno.land/x/jose@v4.6.0/runtime/fetch_jwks.ts": "fd4dbe6f98b6019119840c4d986998a2df20ba2ea9c2ea080fa07844a72bd426",
    "https://deno.land/x/jose@v4.6.0/runtime/generate.ts": "f7d7c6324887abc56087e0758c93dbc3150f5e4b4dd8bee17cae0f931afcbcdd",
    "https://deno.land/x/jose@v4.6.0/runtime/get_sign_verify_key.ts": "f08a086524491a54fb2a0e203819d4ca2b193444aecf6dfbaf6d400431cb439c",
    "https://deno.land/x/jose@v4.6.0/runtime/is_key_like.ts": "d9660a40820d254843721a53b51eb94a4db39a1ee36103ea8c28e2cc2207599b",
    "https://deno.land/x/jose@v4.6.0/runtime/jwk_to_key.ts": "7e88708f6abf7a8c0de62f56c4e8af6070ed9aaddb5a42b09639756ef472546c",
    "https://deno.land/x/jose@v4.6.0/runtime/key_to_jwk.ts": "2af6f52abbe59316fa96771da48538c8f718b6fdd8703d185f8a87ef44c0f064",
    "https://deno.land/x/jose@v4.6.0/runtime/pbes2kw.ts": "1c424aade1ef8c69f0b9db635ff04d873f7c1b2615c7fbef49ee053704912e9d",
    "https://deno.land/x/jose@v4.6.0/runtime/random.ts": "3e9c8d08208e5dc186ae659535f0018303ff3b56615335bf0dfb5904fe36aab7",
    "https://deno.land/x/jose@v4.6.0/runtime/rsaes.ts": "124b6e87d8569b39d6f550b371303c79e9eb28aa0d9b14025eeaffe50282c987",
    "https://deno.land/x/jose@v4.6.0/runtime/sign.ts": "1524f8855538ca5fd607cd681f804ba421b0ec58f562118f3c635324ba053f90",
    "https://deno.land/x/jose@v4.6.0/runtime/subtle_dsa.ts": "5579d45bbcd321036fa8c64056fb651bb1af7cf98f036ffc4ba4df7b61f3c8e2",
    "https://deno.land/x/jose@v4.6.0/runtime/subtle_rsaes.ts": "26147da83932ebf7266d69ddd408f269395de05ddde64ba4e1585571bb61bd93",
    "https://deno.land/x/jose@v4.6.0/runtime/timing_safe_equal.ts": "fc5b3f4132cec56630eac4677fef2b519707a9c6a257f8ae86515b0d86ff5f6b",
    "https://deno.land/x/jose@v4.6.0/runtime/verify.ts": "d391e2286b47485247b475016c66999f5146a1cf8331115385a9ba629251c15e",
    "https://deno.land/x/jose@v4.6.0/runtime/webcrypto.ts": "7075428072d4f0ff6f5c972975b71a9d730f9765bdbb090ba1bf11df293c7d8d",
    "https://deno.land/x/jose@v4.6.0/runtime/zlib.ts": "74a4c85d1a6e523282ae927412d58e6789a8d7264b4e966a7df800a97f28a1e1",
    "https://deno.land/x/jose@v4.6.0/util/base64url.ts": "d2567042684de8bf1e4f1ad67be40ab343ee192ddf1cf12ff1d940d6c1fa2bcb",
    "https://deno.land/x/jose@v4.6.0/util/decode_jwt.ts": "f0e30dc91a0d567450d9b04ab4ae53ecf29cb6d1178fb3eb639dd8b472ea1f63",
    "https://deno.land/x/jose@v4.6.0/util/decode_protected_header.ts": "00c3e86ec4969829568531ac4c52f79f35193759dcd60782e253b4f5e6ac250e",
    "https://deno.land/x/jose@v4.6.0/util/errors.ts": "ca0282ae339b178a26f9e85457f6050993382360ee3bf36dff2379b2ef40b317"
  }
}
